// !$*UTF8*$!
{
	archiveVersion = 1;
	classes = {
	};
	objectVersion = 77;
	objects = {

/* Begin PBXBuildFile section */
		3D01604A2FBBFA4B00492968 /* CLAUDE.md in Resources */ = {isa = PBXBuildFile; fileRef = 3D0160492FBBFA4400492968 /* CLAUDE.md */; };
		3D0635572F8AF7370098DE65 /* gather_audit_home.sh in Resources */ = {isa = PBXBuildFile; fileRef = 3D0635562F8AF7340098DE65 /* gather_audit_home.sh */; };
		3D0635592F8AF7570098DE65 /* gather_audit_pulse_carousel.sh in Resources */ = {isa = PBXBuildFile; fileRef = 3D0635582F8AF7530098DE65 /* gather_audit_pulse_carousel.sh */; };
		3D51D7432F5FB8D7002488A7 /* Auth in Frameworks */ = {isa = PBXBuildFile; productRef = 3D51D7422F5FB8D7002488A7 /* Auth */; };
		3D51D7452F5FB8D7002488A7 /* Functions in Frameworks */ = {isa = PBXBuildFile; productRef = 3D51D7442F5FB8D7002488A7 /* Functions */; };
		3D51D7472F5FB8D7002488A7 /* PostgREST in Frameworks */ = {isa = PBXBuildFile; productRef = 3D51D7462F5FB8D7002488A7 /* PostgREST */; };
		3D51D7492F5FB8D7002488A7 /* Realtime in Frameworks */ = {isa = PBXBuildFile; productRef = 3D51D7482F5FB8D7002488A7 /* Realtime */; };
		3D51D74B2F5FB8D7002488A7 /* Storage in Frameworks */ = {isa = PBXBuildFile; productRef = 3D51D74A2F5FB8D7002488A7 /* Storage */; };
		3D51D7502F5FBA71002488A7 /* Supabase in Frameworks */ = {isa = PBXBuildFile; productRef = 3D51D74F2F5FBA71002488A7 /* Supabase */; };
		3D58E6DD2F6227E800210EB6 /* Vayl.xcconfig in Resources */ = {isa = PBXBuildFile; fileRef = 3D58E6DC2F6227E800210EB6 /* Vayl.xcconfig */; };
		3D767EFA2F5D562900F2D70F /* RULES.md in Resources */ = {isa = PBXBuildFile; fileRef = 3D767EF92F5D562100F2D70F /* RULES.md */; };
		3D767EFC2F5D565700F2D70F /* PROJECT_SCOPE.md in Resources */ = {isa = PBXBuildFile; fileRef = 3D767EFB2F5D564D00F2D70F /* PROJECT_SCOPE.md */; };
		3D807B942F8DC74B0021F080 /* .aider.conf.yml in Resources */ = {isa = PBXBuildFile; fileRef = 3D807B932F8DC7450021F080 /* .aider.conf.yml */; };
		3D83007B2F84981B001F650B /* gather_checkin_context.sh in Resources */ = {isa = PBXBuildFile; fileRef = 3D83007A2F849817001F650B /* gather_checkin_context.sh */; };
		3DAF2AE72F5E80D0007133FD /* DESIGN_DOC.md in Resources */ = {isa = PBXBuildFile; fileRef = 3DAF2AE62F5E80D0007133FD /* DESIGN_DOC.md */; };
		3DE73B002FA687E000BF22F1 /* migrate_animations.sh in Resources */ = {isa = PBXBuildFile; fileRef = 3DE73AFF2FA687DA00BF22F1 /* migrate_animations.sh */; };
		3DE73D1C2FB0555000BF22F1 /* gather_theme.sh in Resources */ = {isa = PBXBuildFile; fileRef = 3DE73D1B2FB0554700BF22F1 /* gather_theme.sh */; };
		3DE993A32F7B323700D7FD11 /* Open Lightly — LLM Audit Prompts.md in Resources */ = {isa = PBXBuildFile; fileRef = 3DE993A22F7B323700D7FD11 /* Open Lightly — LLM Audit Prompts.md */; };
		AA000001AAAA000000000001 /* MonteRowGeometryTests.swift in Sources */ = {isa = PBXBuildFile; fileRef = AA000001AAAA000000000002 /* MonteRowGeometryTests.swift */; };
		AA000002AAAA000000000001 /* CandleIntensityTests.swift in Sources */ = {isa = PBXBuildFile; fileRef = AA000002AAAA000000000002 /* CandleIntensityTests.swift */; };
		AA000003AAAA000000000001 /* ContextOptionTests.swift in Sources */ = {isa = PBXBuildFile; fileRef = AA000003AAAA000000000002 /* ContextOptionTests.swift */; };
/* End PBXBuildFile section */

/* Begin PBXContainerItemProxy section */
		3D767EC22F5D520E00F2D70F /* PBXContainerItemProxy */ = {
			isa = PBXContainerItemProxy;
			containerPortal = 3D767EAA2F5D520D00F2D70F /* Project object */;
			proxyType = 1;
			remoteGlobalIDString = 3D767EB12F5D520D00F2D70F;
			remoteInfo = "Open Lightly";
		};
		3D767ECC2F5D520E00F2D70F /* PBXContainerItemProxy */ = {
			isa = PBXContainerItemProxy;
			containerPortal = 3D767EAA2F5D520D00F2D70F /* Project object */;
			proxyType = 1;
			remoteGlobalIDString = 3D767EB12F5D520D00F2D70F;
			remoteInfo = "Open Lightly";
		};
/* End PBXContainerItemProxy section */

/* Begin PBXFileReference section */
		3D0160492FBBFA4400492968 /* CLAUDE.md */ = {isa = PBXFileReference; lastKnownFileType = net.daringfireball.markdown; path = CLAUDE.md; sourceTree = "<group>"; };
		3D0635562F8AF7340098DE65 /* gather_audit_home.sh */ = {isa = PBXFileReference; lastKnownFileType = text.script.sh; path = gather_audit_home.sh; sourceTree = "<group>"; };
		3D0635582F8AF7530098DE65 /* gather_audit_pulse_carousel.sh */ = {isa = PBXFileReference; lastKnownFileType = text.script.sh; path = gather_audit_pulse_carousel.sh; sourceTree = "<group>"; };
		3D58E6DC2F6227E800210EB6 /* Vayl.xcconfig */ = {isa = PBXFileReference; lastKnownFileType = text.xcconfig; path = Vayl.xcconfig; sourceTree = "<group>"; };
		3D767EB22F5D520D00F2D70F /* Vayl.app */ = {isa = PBXFileReference; explicitFileType = wrapper.application; includeInIndex = 0; path = Vayl.app; sourceTree = BUILT_PRODUCTS_DIR; };
		3D767EC12F5D520E00F2D70F /* VaylTests.xctest */ = {isa = PBXFileReference; explicitFileType = wrapper.cfbundle; includeInIndex = 0; path = VaylTests.xctest; sourceTree = BUILT_PRODUCTS_DIR; };
		3D767ECB2F5D520E00F2D70F /* VaylUITests.xctest */ = {isa = PBXFileReference; explicitFileType = wrapper.cfbundle; includeInIndex = 0; path = VaylUITests.xctest; sourceTree = BUILT_PRODUCTS_DIR; };
		3D767EF92F5D562100F2D70F /* RULES.md */ = {isa = PBXFileReference; lastKnownFileType = net.daringfireball.markdown; path = RULES.md; sourceTree = "<group>"; };
		3D767EFB2F5D564D00F2D70F /* PROJECT_SCOPE.md */ = {isa = PBXFileReference; lastKnownFileType = net.daringfireball.markdown; path = PROJECT_SCOPE.md; sourceTree = "<group>"; };
		3D807B932F8DC7450021F080 /* .aider.conf.yml */ = {isa = PBXFileReference; lastKnownFileType = text.yaml; path = .aider.conf.yml; sourceTree = "<group>"; };
		3D83007A2F849817001F650B /* gather_checkin_context.sh */ = {isa = PBXFileReference; lastKnownFileType = text.script.sh; path = gather_checkin_context.sh; sourceTree = "<group>"; };
		3DAF2AE62F5E80D0007133FD /* DESIGN_DOC.md */ = {isa = PBXFileReference; lastKnownFileType = net.daringfireball.markdown; path = DESIGN_DOC.md; sourceTree = "<group>"; };
		3DE73AFF2FA687DA00BF22F1 /* migrate_animations.sh */ = {isa = PBXFileReference; lastKnownFileType = text.script.sh; path = migrate_animations.sh; sourceTree = "<group>"; };
		3DE73D1B2FB0554700BF22F1 /* gather_theme.sh */ = {isa = PBXFileReference; lastKnownFileType = text.script.sh; path = gather_theme.sh; sourceTree = "<group>"; };
		3DE993A22F7B323700D7FD11 /* Open Lightly — LLM Audit Prompts.md */ = {isa = PBXFileReference; lastKnownFileType = net.daringfireball.markdown; path = "Open Lightly — LLM Audit Prompts.md"; sourceTree = "<group>"; };
		AA000001AAAA000000000002 /* MonteRowGeometryTests.swift */ = {isa = PBXFileReference; lastKnownFileType = sourcecode.swift; path = MonteRowGeometryTests.swift; sourceTree = "<group>"; };
		AA000002AAAA000000000002 /* CandleIntensityTests.swift */ = {isa = PBXFileReference; lastKnownFileType = sourcecode.swift; path = CandleIntensityTests.swift; sourceTree = "<group>"; };
		AA000003AAAA000000000002 /* ContextOptionTests.swift */ = {isa = PBXFileReference; lastKnownFileType = sourcecode.swift; path = ContextOptionTests.swift; sourceTree = "<group>"; };
/* End PBXFileReference section */

/* Begin PBXFileSystemSynchronizedBuildFileExceptionSet section */
		3DE73D382FB100DE00BF22F1 /* Exceptions for "Vayl" folder in "Vayl" target */ = {
			isa = PBXFileSystemSynchronizedBuildFileExceptionSet;
			membershipExceptions = (
				Features/Onboarding/Views/OnboardingBrandView.swift,
				Features/Onboarding/Views/OnboardingCardRevealView.swift,
				Features/Onboarding/Views/OnboardingCuriosityPickerView.swift,
				Features/Onboarding/Views/OnboardingFlowView.swift,
				Features/Onboarding/Views/OnboardingGroundRulesView.swift,
				Features/Onboarding/Views/OnboardingModeSelectView.swift,
				Features/Onboarding/Views/OnboardingNameView.swift,
				Features/Onboarding/Views/OnboardingStatView.swift,
				Vayl.plist,
			);
			target = 3D767EB12F5D520D00F2D70F /* Vayl */;
		};
/* End PBXFileSystemSynchronizedBuildFileExceptionSet section */

/* Begin PBXFileSystemSynchronizedRootGroup section */
		3D767EB42F5D520D00F2D70F /* Vayl */ = {
			isa = PBXFileSystemSynchronizedRootGroup;
			exceptions = (
				3DE73D382FB100DE00BF22F1 /* Exceptions for "Vayl" folder in "Vayl" target */,
			);
			path = Vayl;
			sourceTree = "<group>";
		};
/* End PBXFileSystemSynchronizedRootGroup section */

/* Begin PBXFrameworksBuildPhase section */
		3D767EAF2F5D520D00F2D70F /* Frameworks */ = {
			isa = PBXFrameworksBuildPhase;
			buildActionMask = 2147483647;
			files = (
				3D51D7472F5FB8D7002488A7 /* PostgREST in Frameworks */,
				3D51D7452F5FB8D7002488A7 /* Functions in Frameworks */,
				3D51D7502F5FBA71002488A7 /* Supabase in Frameworks */,
				3D51D7432F5FB8D7002488A7 /* Auth in Frameworks */,
				3D51D74B2F5FB8D7002488A7 /* Storage in Frameworks */,
				3D51D7492F5FB8D7002488A7 /* Realtime in Frameworks */,
			);
			runOnlyForDeploymentPostprocessing = 0;
		};
		3D767EBE2F5D520E00F2D70F /* Frameworks */ = {
			isa = PBXFrameworksBuildPhase;
			buildActionMask = 2147483647;
			files = (
			);
			runOnlyForDeploymentPostprocessing = 0;
		};
		3D767EC82F5D520E00F2D70F /* Frameworks */ = {
			isa = PBXFrameworksBuildPhase;
			buildActionMask = 2147483647;
			files = (
			);
			runOnlyForDeploymentPostprocessing = 0;
		};
/* End PBXFrameworksBuildPhase section */

/* Begin PBXGroup section */
		3D51D74E2F5FBA71002488A7 /* Frameworks */ = {
			isa = PBXGroup;
			children = (
			);
			name = Frameworks;
			sourceTree = "<group>";
		};
		3D767EA92F5D520D00F2D70F = {
			isa = PBXGroup;
			children = (
				3D0160492FBBFA4400492968 /* CLAUDE.md */,
				3DE73D1B2FB0554700BF22F1 /* gather_theme.sh */,
				3DE73AFF2FA687DA00BF22F1 /* migrate_animations.sh */,
				3D807B932F8DC7450021F080 /* .aider.conf.yml */,
				3D0635582F8AF7530098DE65 /* gather_audit_pulse_carousel.sh */,
				3D0635562F8AF7340098DE65 /* gather_audit_home.sh */,
				3D83007A2F849817001F650B /* gather_checkin_context.sh */,
				3D767EFB2F5D564D00F2D70F /* PROJECT_SCOPE.md */,
				3DAF2AE62F5E80D0007133FD /* DESIGN_DOC.md */,
				3D767EF92F5D562100F2D70F /* RULES.md */,
				3DE993A22F7B323700D7FD11 /* Open Lightly — LLM Audit Prompts.md */,
				3D767EB42F5D520D00F2D70F /* Vayl */,
				AA000001AAAA000000000003 /* VaylTests */,
				3D51D74E2F5FBA71002488A7 /* Frameworks */,
				3D767EB32F5D520D00F2D70F /* Products */,
				3D58E6DC2F6227E800210EB6 /* Vayl.xcconfig */,
			);
			sourceTree = "<group>";
		};
		3D767EB32F5D520D00F2D70F /* Products */ = {
			isa = PBXGroup;
			children = (
				3D767EB22F5D520D00F2D70F /* Vayl.app */,
				3D767EC12F5D520E00F2D70F /* VaylTests.xctest */,
				3D767ECB2F5D520E00F2D70F /* VaylUITests.xctest */,
			);
			name = Products;
			sourceTree = "<group>";
		};
		AA000001AAAA000000000003 /* VaylTests */ = {
			isa = PBXGroup;
			children = (
				AA000001AAAA000000000002 /* MonteRowGeometryTests.swift */,
				AA000002AAAA000000000002 /* CandleIntensityTests.swift */,
				AA000003AAAA000000000002 /* ContextOptionTests.swift */,
			);
			path = VaylTests;
			sourceTree = "<group>";
		};
/* End PBXGroup section */

/* Begin PBXNativeTarget section */
		3D767EB12F5D520D00F2D70F /* Vayl */ = {
			isa = PBXNativeTarget;
			buildConfigurationList = 3D767ED52F5D520E00F2D70F /* Build configuration list for PBXNativeTarget "Vayl" */;
			buildPhases = (
				3DE73B012FA69E0E00BF22F1 /* SwiftLint */,
				3D767EAE2F5D520D00F2D70F /* Sources */,
				3D767EAF2F5D520D00F2D70F /* Frameworks */,
				3D767EB02F5D520D00F2D70F /* Resources */,
			);
			buildRules = (
			);
			dependencies = (
			);
			fileSystemSynchronizedGroups = (
				3D767EB42F5D520D00F2D70F /* Vayl */,
			);
			name = Vayl;
			packageProductDependencies = (
				3D51D7422F5FB8D7002488A7 /* Auth */,
				3D51D7442F5FB8D7002488A7 /* Functions */,
				3D51D7462F5FB8D7002488A7 /* PostgREST */,
				3D51D7482F5FB8D7002488A7 /* Realtime */,
				3D51D74A2F5FB8D7002488A7 /* Storage */,
				3D51D74F2F5FBA71002488A7 /* Supabase */,
			);
			productName = "Open Lightly";
			productReference = 3D767EB22F5D520D00F2D70F /* Vayl.app */;
			productType = "com.apple.product-type.application";
		};
		3D767EC02F5D520E00F2D70F /* VaylTests */ = {
			isa = PBXNativeTarget;
			buildConfigurationList = 3D767ED82F5D520E00F2D70F /* Build configuration list for PBXNativeTarget "VaylTests" */;
			buildPhases = (
				3D767EBD2F5D520E00F2D70F /* Sources */,
				3D767EBE2F5D520E00F2D70F /* Frameworks */,
				3D767EBF2F5D520E00F2D70F /* Resources */,
			);
			buildRules = (
			);
			dependencies = (
				3D767EC32F5D520E00F2D70F /* PBXTargetDependency */,
			);
			name = VaylTests;
			packageProductDependencies = (
			);
			productName = "Open LightlyTests";
			productReference = 3D767EC12F5D520E00F2D70F /* VaylTests.xctest */;
			productType = "com.apple.product-type.bundle.unit-test";
		};
		3D767ECA2F5D520E00F2D70F /* VaylUITests */ = {
			isa = PBXNativeTarget;
			buildConfigurationList = 3D767EDB2F5D520E00F2D70F /* Build configuration list for PBXNativeTarget "VaylUITests" */;
			buildPhases = (
				3D767EC72F5D520E00F2D70F /* Sources */,
				3D767EC82F5D520E00F2D70F /* Frameworks */,
				3D767EC92F5D520E00F2D70F /* Resources */,
			);
			buildRules = (
			);
			dependencies = (
				3D767ECD2F5D520E00F2D70F /* PBXTargetDependency */,
			);
			name = VaylUITests;
			packageProductDependencies = (
			);
			productName = "Open LightlyUITests";
			productReference = 3D767ECB2F5D520E00F2D70F /* VaylUITests.xctest */;
			productType = "com.apple.product-type.bundle.ui-testing";
		};
/* End PBXNativeTarget section */

/* Begin PBXProject section */
		3D767EAA2F5D520D00F2D70F /* Project object */ = {
			isa = PBXProject;
			attributes = {
				BuildIndependentTargetsInParallel = 1;
				LastSwiftUpdateCheck = 2630;
				LastUpgradeCheck = 2630;
				TargetAttributes = {
					3D767EB12F5D520D00F2D70F = {
						CreatedOnToolsVersion = 26.3;
					};
					3D767EC02F5D520E00F2D70F = {
						CreatedOnToolsVersion = 26.3;
						TestTargetID = 3D767EB12F5D520D00F2D70F;
					};
					3D767ECA2F5D520E00F2D70F = {
						CreatedOnToolsVersion = 26.3;
						TestTargetID = 3D767EB12F5D520D00F2D70F;
					};
				};
			};
			buildConfigurationList = 3D767EAD2F5D520D00F2D70F /* Build configuration list for PBXProject "Vayl" */;
			developmentRegion = en;
			hasScannedForEncodings = 0;
			knownRegions = (
				en,
				Base,
			);
			mainGroup = 3D767EA92F5D520D00F2D70F;
			minimizedProjectReferenceProxies = 1;
			packageReferences = (
				3D51D7412F5FB8D7002488A7 /* XCRemoteSwiftPackageReference "supabase-swift" */,
			);
			preferredProjectObjectVersion = 77;
			productRefGroup = 3D767EB32F5D520D00F2D70F /* Products */;
			projectDirPath = "";
			projectRoot = "";
			targets = (
				3D767EB12F5D520D00F2D70F /* Vayl */,
				3D767EC02F5D520E00F2D70F /* VaylTests */,
				3D767ECA2F5D520E00F2D70F /* VaylUITests */,
			);
		};
/* End PBXProject section */

/* Begin PBXResourcesBuildPhase section */
		3D767EB02F5D520D00F2D70F /* Resources */ = {
			isa = PBXResourcesBuildPhase;
			buildActionMask = 2147483647;
			files = (
				3D767EFC2F5D565700F2D70F /* PROJECT_SCOPE.md in Resources */,
				3DAF2AE72F5E80D0007133FD /* DESIGN_DOC.md in Resources */,
				3DE73D1C2FB0555000BF22F1 /* gather_theme.sh in Resources */,
				3D83007B2F84981B001F650B /* gather_checkin_context.sh in Resources */,
				3D58E6DD2F6227E800210EB6 /* Vayl.xcconfig in Resources */,
				3D767EFA2F5D562900F2D70F /* RULES.md in Resources */,
				3D807B942F8DC74B0021F080 /* .aider.conf.yml in Resources */,
				3D0635592F8AF7570098DE65 /* gather_audit_pulse_carousel.sh in Resources */,
				3DE73B002FA687E000BF22F1 /* migrate_animations.sh in Resources */,
				3D0635572F8AF7370098DE65 /* gather_audit_home.sh in Resources */,
				3D01604A2FBBFA4B00492968 /* CLAUDE.md in Resources */,
				3DE993A32F7B323700D7FD11 /* Open Lightly — LLM Audit Prompts.md in Resources */,
			);
			runOnlyForDeploymentPostprocessing = 0;
		};
		3D767EBF2F5D520E00F2D70F /* Resources */ = {
			isa = PBXResourcesBuildPhase;
			buildActionMask = 2147483647;
			files = (
			);
			runOnlyForDeploymentPostprocessing = 0;
		};
		3D767EC92F5D520E00F2D70F /* Resources */ = {
			isa = PBXResourcesBuildPhase;
			buildActionMask = 2147483647;
			files = (
			);
			runOnlyForDeploymentPostprocessing = 0;
		};
/* End PBXResourcesBuildPhase section */

/* Begin PBXShellScriptBuildPhase section */
		3DE73B012FA69E0E00BF22F1 /* SwiftLint */ = {
			isa = PBXShellScriptBuildPhase;
			alwaysOutOfDate = 1;
			buildActionMask = 2147483647;
			files = (
			);
			inputFileListPaths = (
			);
			inputPaths = (
				"$(SRCROOT)/.swiftlint.yml",
				"$(SRCROOT)/Vayl",
			);
			name = SwiftLint;
			outputFileListPaths = (
			);
			outputPaths = (
			);
			runOnlyForDeploymentPostprocessing = 0;
			shellPath = /bin/sh;
			shellScript = "if test -d \"/opt/homebrew/bin/\"; then\n  PATH=\"/opt/homebrew/bin/:${PATH}\"\nfi\n\nexport PATH\n\nif which swiftlint > /dev/null; then\n  swiftlint\nelse\n  echo \"warning: SwiftLint not installed, download from https://github.com/realm/SwiftLint\"\nfi\n";
		};
/* End PBXShellScriptBuildPhase section */

/* Begin PBXSourcesBuildPhase section */
		3D767EAE2F5D520D00F2D70F /* Sources */ = {
			isa = PBXSourcesBuildPhase;
			buildActionMask = 2147483647;
			files = (
			);
			runOnlyForDeploymentPostprocessing = 0;
		};
		3D767EBD2F5D520E00F2D70F /* Sources */ = {
			isa = PBXSourcesBuildPhase;
			buildActionMask = 2147483647;
			files = (
				AA000001AAAA000000000001 /* MonteRowGeometryTests.swift in Sources */,
				AA000002AAAA000000000001 /* CandleIntensityTests.swift in Sources */,
				AA000003AAAA000000000001 /* ContextOptionTests.swift in Sources */,
			);
			runOnlyForDeploymentPostprocessing = 0;
		};
		3D767EC72F5D520E00F2D70F /* Sources */ = {
			isa = PBXSourcesBuildPhase;
			buildActionMask = 2147483647;
			files = (
			);
			runOnlyForDeploymentPostprocessing = 0;
		};
/* End PBXSourcesBuildPhase section */

/* Begin PBXTargetDependency section */
		3D767EC32F5D520E00F2D70F /* PBXTargetDependency */ = {
			isa = PBXTargetDependency;
			target = 3D767EB12F5D520D00F2D70F /* Vayl */;
			targetProxy = 3D767EC22F5D520E00F2D70F /* PBXContainerItemProxy */;
		};
		3D767ECD2F5D520E00F2D70F /* PBXTargetDependency */ = {
			isa = PBXTargetDependency;
			target = 3D767EB12F5D520D00F2D70F /* Vayl */;
			targetProxy = 3D767ECC2F5D520E00F2D70F /* PBXContainerItemProxy */;
		};
/* End PBXTargetDependency section */

/* Begin XCBuildConfiguration section */
		3D767ED32F5D520E00F2D70F /* Debug */ = {
			isa = XCBuildConfiguration;
			baseConfigurationReference = 3D58E6DC2F6227E800210EB6 /* Vayl.xcconfig */;
			buildSettings = {
				ALWAYS_SEARCH_USER_PATHS = NO;
				ASSETCATALOG_COMPILER_GENERATE_SWIFT_ASSET_SYMBOL_EXTENSIONS = YES;
				CLANG_ANALYZER_NONNULL = YES;
				CLANG_ANALYZER_NUMBER_OBJECT_CONVERSION = YES_AGGRESSIVE;
				CLANG_CXX_LANGUAGE_STANDARD = "gnu++20";
				CLANG_ENABLE_MODULES = YES;
				CLANG_ENABLE_OBJC_ARC = YES;
				CLANG_ENABLE_OBJC_WEAK = YES;
				CLANG_WARN_BLOCK_CAPTURE_AUTORELEASING = YES;
				CLANG_WARN_BOOL_CONVERSION = YES;
				CLANG_WARN_COMMA = YES;
				CLANG_WARN_CONSTANT_CONVERSION = YES;
				CLANG_WARN_DEPRECATED_OBJC_IMPLEMENTATIONS = YES;
				CLANG_WARN_DIRECT_OBJC_ISA_USAGE = YES_ERROR;
				CLANG_WARN_DOCUMENTATION_COMMENTS = YES;
				CLANG_WARN_EMPTY_BODY = YES;
				CLANG_WARN_ENUM_CONVERSION = YES;
				CLANG_WARN_INFINITE_RECURSION = YES;
				CLANG_WARN_INT_CONVERSION = YES;
				CLANG_WARN_NON_LITERAL_NULL_CONVERSION = YES;
				CLANG_WARN_OBJC_IMPLICIT_RETAIN_SELF = YES;
				CLANG_WARN_OBJC_LITERAL_CONVERSION = YES;
				CLANG_WARN_OBJC_ROOT_CLASS = YES_ERROR;
				CLANG_WARN_QUOTED_INCLUDE_IN_FRAMEWORK_HEADER = YES;
				CLANG_WARN_RANGE_LOOP_ANALYSIS = YES;
				CLANG_WARN_STRICT_PROTOTYPES = YES;
				CLANG_WARN_SUSPICIOUS_MOVE = YES;
				CLANG_WARN_UNGUARDED_AVAILABILITY = YES_AGGRESSIVE;
				CLANG_WARN_UNREACHABLE_CODE = YES;
				CLANG_WARN__DUPLICATE_METHOD_MATCH = YES;
				COPY_PHASE_STRIP = NO;
				DEBUG_INFORMATION_FORMAT = dwarf;
				ENABLE_STRICT_OBJC_MSGSEND = YES;
				ENABLE_TESTABILITY = YES;
				ENABLE_USER_SCRIPT_SANDBOXING = YES;
				GCC_C_LANGUAGE_STANDARD = gnu17;
				GCC_DYNAMIC_NO_PIC = NO;
				GCC_NO_COMMON_BLOCKS = YES;
				GCC_OPTIMIZATION_LEVEL = 0;
				GCC_PREPROCESSOR_DEFINITIONS = (
					"DEBUG=1",
					"$(inherited)",
				);
				GCC_WARN_64_TO_32_BIT_CONVERSION = YES;
				GCC_WARN_ABOUT_RETURN_TYPE = YES_ERROR;
				GCC_WARN_UNDECLARED_SELECTOR = YES;
				GCC_WARN_UNINITIALIZED_AUTOS = YES_AGGRESSIVE;
				GCC_WARN_UNUSED_FUNCTION = YES;
				GCC_WARN_UNUSED_VARIABLE = YES;
				IPHONEOS_DEPLOYMENT_TARGET = 26.2;
				LOCALIZATION_PREFERS_STRING_CATALOGS = YES;
				MTL_ENABLE_DEBUG_INFO = INCLUDE_SOURCE;
				MTL_FAST_MATH = YES;
				ONLY_ACTIVE_ARCH = YES;
				SDKROOT = iphoneos;
				SWIFT_ACTIVE_COMPILATION_CONDITIONS = "DEBUG $(inherited)";
				SWIFT_OPTIMIZATION_LEVEL = "-Onone";
			};
			name = Debug;
		};
		3D767ED42F5D520E00F2D70F /* Release */ = {
			isa = XCBuildConfiguration;
			baseConfigurationReference = 3D58E6DC2F6227E800210EB6 /* Vayl.xcconfig */;
			buildSettings = {
				ALWAYS_SEARCH_USER_PATHS = NO;
				ASSETCATALOG_COMPILER_GENERATE_SWIFT_ASSET_SYMBOL_EXTENSIONS = YES;
				CLANG_ANALYZER_NONNULL = YES;
				CLANG_ANALYZER_NUMBER_OBJECT_CONVERSION = YES_AGGRESSIVE;
				CLANG_CXX_LANGUAGE_STANDARD = "gnu++20";
				CLANG_ENABLE_MODULES = YES;
				CLANG_ENABLE_OBJC_ARC = YES;
				CLANG_ENABLE_OBJC_WEAK = YES;
				CLANG_WARN_BLOCK_CAPTURE_AUTORELEASING = YES;
				CLANG_WARN_BOOL_CONVERSION = YES;
				CLANG_WARN_COMMA = YES;
				CLANG_WARN_CONSTANT_CONVERSION = YES;
				CLANG_WARN_DEPRECATED_OBJC_IMPLEMENTATIONS = YES;
				CLANG_WARN_DIRECT_OBJC_ISA_USAGE = YES_ERROR;
				CLANG_WARN_DOCUMENTATION_COMMENTS = YES;
				CLANG_WARN_EMPTY_BODY = YES;
				CLANG_WARN_ENUM_CONVERSION = YES;
				CLANG_WARN_INFINITE_RECURSION = YES;
				CLANG_WARN_INT_CONVERSION = YES;
				CLANG_WARN_NON_LITERAL_NULL_CONVERSION = YES;
				CLANG_WARN_OBJC_IMPLICIT_RETAIN_SELF = YES;
				CLANG_WARN_OBJC_LITERAL_CONVERSION = YES;
				CLANG_WARN_OBJC_ROOT_CLASS = YES_ERROR;
				CLANG_WARN_QUOTED_INCLUDE_IN_FRAMEWORK_HEADER = YES;
				CLANG_WARN_RANGE_LOOP_ANALYSIS = YES;
				CLANG_WARN_STRICT_PROTOTYPES = YES;
				CLANG_WARN_SUSPICIOUS_MOVE = YES;
				CLANG_WARN_UNGUARDED_AVAILABILITY = YES_AGGRESSIVE;
				CLANG_WARN_UNREACHABLE_CODE = YES;
				CLANG_WARN__DUPLICATE_METHOD_MATCH = YES;
				COPY_PHASE_STRIP = NO;
				DEBUG_INFORMATION_FORMAT = "dwarf-with-dsym";
				ENABLE_NS_ASSERTIONS = NO;
				ENABLE_STRICT_OBJC_MSGSEND = YES;
				ENABLE_USER_SCRIPT_SANDBOXING = YES;
				GCC_C_LANGUAGE_STANDARD = gnu17;
				GCC_NO_COMMON_BLOCKS = YES;
				GCC_WARN_64_TO_32_BIT_CONVERSION = YES;
				GCC_WARN_ABOUT_RETURN_TYPE = YES_ERROR;
				GCC_WARN_UNDECLARED_SELECTOR = YES;
				GCC_WARN_UNINITIALIZED_AUTOS = YES_AGGRESSIVE;
				GCC_WARN_UNUSED_FUNCTION = YES;
				GCC_WARN_UNUSED_VARIABLE = YES;
				IPHONEOS_DEPLOYMENT_TARGET = 26.2;
				LOCALIZATION_PREFERS_STRING_CATALOGS = YES;
				MTL_ENABLE_DEBUG_INFO = NO;
				MTL_FAST_MATH = YES;
				SDKROOT = iphoneos;
				SWIFT_COMPILATION_MODE = wholemodule;
				VALIDATE_PRODUCT = YES;
			};
			name = Release;
		};
		3D767ED62F5D520E00F2D70F /* Debug */ = {
			isa = XCBuildConfiguration;
			baseConfigurationReference = 3D58E6DC2F6227E800210EB6 /* Vayl.xcconfig */;
			buildSettings = {
				ASSETCATALOG_COMPILER_APPICON_NAME = AppIcon;
				ASSETCATALOG_COMPILER_GLOBAL_ACCENT_COLOR_NAME = AccentColor;
				ASSETCATALOG_COMPILER_INCLUDE_ALL_APPICON_ASSETS = YES;
				CODE_SIGN_ENTITLEMENTS = Vayl/Vayl.entitlements;
				CODE_SIGN_STYLE = Automatic;
				CURRENT_PROJECT_VERSION = 1;
				DEVELOPMENT_TEAM = 8KUPG54AQZ;
				ENABLE_PREVIEWS = YES;
				ENABLE_USER_SCRIPT_SANDBOXING = YES;
				GENERATE_INFOPLIST_FILE = YES;
				INFOPLIST_FILE = Vayl/Vayl.plist;
				INFOPLIST_KEY_UIApplicationSceneManifest_Generation = YES;
				INFOPLIST_KEY_UIApplicationSupportsIndirectInputEvents = YES;
				INFOPLIST_KEY_UILaunchScreen_Generation = YES;
				INFOPLIST_KEY_UISupportedInterfaceOrientations_iPad = "UIInterfaceOrientationPortrait UIInterfaceOrientationPortraitUpsideDown UIInterfaceOrientationLandscapeLeft UIInterfaceOrientationLandscapeRight";
				INFOPLIST_KEY_UISupportedInterfaceOrientations_iPhone = "UIInterfaceOrientationPortrait UIInterfaceOrientationLandscapeLeft UIInterfaceOrientationLandscapeRight";
				LD_RUNPATH_SEARCH_PATHS = (
					"$(inherited)",
					"@executable_path/Frameworks",
				);
				MARKETING_VERSION = 1.0;
				PRODUCT_BUNDLE_IDENTIFIER = com.bryanjorden.Vayl;
				PRODUCT_NAME = "$(TARGET_NAME)";
				STRING_CATALOG_GENERATE_SYMBOLS = YES;
				SWIFT_APPROACHABLE_CONCURRENCY = YES;
				SWIFT_DEFAULT_ACTOR_ISOLATION = MainActor;
				SWIFT_EMIT_LOC_STRINGS = YES;
				SWIFT_UPCOMING_FEATURE_MEMBER_IMPORT_VISIBILITY = YES;
				SWIFT_VERSION = 5.0;
				TARGETED_DEVICE_FAMILY = "1,2";
			};
			name = Debug;
		};
		3D767ED72F5D520E00F2D70F /* Release */ = {
			isa = XCBuildConfiguration;
			baseConfigurationReference = 3D58E6DC2F6227E800210EB6 /* Vayl.xcconfig */;
			buildSettings = {
				ASSETCATALOG_COMPILER_APPICON_NAME = AppIcon;
				ASSETCATALOG_COMPILER_GLOBAL_ACCENT_COLOR_NAME = AccentColor;
				ASSETCATALOG_COMPILER_INCLUDE_ALL_APPICON_ASSETS = YES;
				CODE_SIGN_ENTITLEMENTS = Vayl/Vayl.entitlements;
				CODE_SIGN_STYLE = Automatic;
				CURRENT_PROJECT_VERSION = 1;
				DEVELOPMENT_TEAM = 8KUPG54AQZ;
				ENABLE_PREVIEWS = YES;
				ENABLE_USER_SCRIPT_SANDBOXING = YES;
				GENERATE_INFOPLIST_FILE = YES;
				INFOPLIST_FILE = Vayl/Vayl.plist;
				INFOPLIST_KEY_UIApplicationSceneManifest_Generation = YES;
				INFOPLIST_KEY_UIApplicationSupportsIndirectInputEvents = YES;
				INFOPLIST_KEY_UILaunchScreen_Generation = YES;
				INFOPLIST_KEY_UISupportedInterfaceOrientations_iPad = "UIInterfaceOrientationPortrait UIInterfaceOrientationPortraitUpsideDown UIInterfaceOrientationLandscapeLeft UIInterfaceOrientationLandscapeRight";
				INFOPLIST_KEY_UISupportedInterfaceOrientations_iPhone = "UIInterfaceOrientationPortrait UIInterfaceOrientationLandscapeLeft UIInterfaceOrientationLandscapeRight";
				LD_RUNPATH_SEARCH_PATHS = (
					"$(inherited)",
					"@executable_path/Frameworks",
				);
				MARKETING_VERSION = 1.0;
				PRODUCT_BUNDLE_IDENTIFIER = com.bryanjorden.Vayl;
				PRODUCT_NAME = "$(TARGET_NAME)";
				STRING_CATALOG_GENERATE_SYMBOLS = YES;
				SWIFT_APPROACHABLE_CONCURRENCY = YES;
				SWIFT_DEFAULT_ACTOR_ISOLATION = MainActor;
				SWIFT_EMIT_LOC_STRINGS = YES;
				SWIFT_UPCOMING_FEATURE_MEMBER_IMPORT_VISIBILITY = YES;
				SWIFT_VERSION = 5.0;
				TARGETED_DEVICE_FAMILY = "1,2";
			};
			name = Release;
		};
		3D767ED92F5D520E00F2D70F /* Debug */ = {
			isa = XCBuildConfiguration;
			buildSettings = {
				BUNDLE_LOADER = "$(TEST_HOST)";
				CODE_SIGN_STYLE = Automatic;
				CURRENT_PROJECT_VERSION = 1;
				GENERATE_INFOPLIST_FILE = YES;
				IPHONEOS_DEPLOYMENT_TARGET = 26.2;
				MARKETING_VERSION = 1.0;
				PRODUCT_BUNDLE_IDENTIFIER = "com.bryanjorden.Open-LightlyTests";
				PRODUCT_NAME = "$(TARGET_NAME)";
				STRING_CATALOG_GENERATE_SYMBOLS = NO;
				SWIFT_APPROACHABLE_CONCURRENCY = YES;
				SWIFT_EMIT_LOC_STRINGS = NO;
				SWIFT_UPCOMING_FEATURE_MEMBER_IMPORT_VISIBILITY = YES;
				SWIFT_VERSION = 5.0;
				TARGETED_DEVICE_FAMILY = "1,2";
				TEST_HOST = "$(BUILT_PRODUCTS_DIR)/Vayl.app/$(BUNDLE_EXECUTABLE_FOLDER_PATH)/Vayl";
			};
			name = Debug;
		};
		3D767EDA2F5D520E00F2D70F /* Release */ = {
			isa = XCBuildConfiguration;
			buildSettings = {
				BUNDLE_LOADER = "$(TEST_HOST)";
				CODE_SIGN_STYLE = Automatic;
				CURRENT_PROJECT_VERSION = 1;
				GENERATE_INFOPLIST_FILE = YES;
				IPHONEOS_DEPLOYMENT_TARGET = 26.2;
				MARKETING_VERSION = 1.0;
				PRODUCT_BUNDLE_IDENTIFIER = "com.bryanjorden.Open-LightlyTests";
				PRODUCT_NAME = "$(TARGET_NAME)";
				STRING_CATALOG_GENERATE_SYMBOLS = NO;
				SWIFT_APPROACHABLE_CONCURRENCY = YES;
				SWIFT_EMIT_LOC_STRINGS = NO;
				SWIFT_UPCOMING_FEATURE_MEMBER_IMPORT_VISIBILITY = YES;
				SWIFT_VERSION = 5.0;
				TARGETED_DEVICE_FAMILY = "1,2";
				TEST_HOST = "$(BUILT_PRODUCTS_DIR)/Vayl.app/$(BUNDLE_EXECUTABLE_FOLDER_PATH)/Vayl";
			};
			name = Release;
		};
		3D767EDC2F5D520E00F2D70F /* Debug */ = {
			isa = XCBuildConfiguration;
			buildSettings = {
				CODE_SIGN_STYLE = Automatic;
				CURRENT_PROJECT_VERSION = 1;
				GENERATE_INFOPLIST_FILE = YES;
				MARKETING_VERSION = 1.0;
				PRODUCT_BUNDLE_IDENTIFIER = "com.bryanjorden.Open-LightlyUITests";
				PRODUCT_NAME = "$(TARGET_NAME)";
				STRING_CATALOG_GENERATE_SYMBOLS = NO;
				SWIFT_APPROACHABLE_CONCURRENCY = YES;
				SWIFT_EMIT_LOC_STRINGS = NO;
				SWIFT_UPCOMING_FEATURE_MEMBER_IMPORT_VISIBILITY = YES;
				SWIFT_VERSION = 5.0;
				TARGETED_DEVICE_FAMILY = "1,2";
				TEST_TARGET_NAME = "Open Lightly";
			};
			name = Debug;
		};
		3D767EDD2F5D520E00F2D70F /* Release */ = {
			isa = XCBuildConfiguration;
			buildSettings = {
				CODE_SIGN_STYLE = Automatic;
				CURRENT_PROJECT_VERSION = 1;
				GENERATE_INFOPLIST_FILE = YES;
				MARKETING_VERSION = 1.0;
				PRODUCT_BUNDLE_IDENTIFIER = "com.bryanjorden.Open-LightlyUITests";
				PRODUCT_NAME = "$(TARGET_NAME)";
				STRING_CATALOG_GENERATE_SYMBOLS = NO;
				SWIFT_APPROACHABLE_CONCURRENCY = YES;
				SWIFT_EMIT_LOC_STRINGS = NO;
				SWIFT_UPCOMING_FEATURE_MEMBER_IMPORT_VISIBILITY = YES;
				SWIFT_VERSION = 5.0;
				TARGETED_DEVICE_FAMILY = "1,2";
				TEST_TARGET_NAME = "Open Lightly";
			};
			name = Release;
		};
/* End XCBuildConfiguration section */

/* Begin XCConfigurationList section */
		3D767EAD2F5D520D00F2D70F /* Build configuration list for PBXProject "Vayl" */ = {
			isa = XCConfigurationList;
			buildConfigurations = (
				3D767ED32F5D520E00F2D70F /* Debug */,
				3D767ED42F5D520E00F2D70F /* Release */,
			);
			defaultConfigurationIsVisible = 0;
			defaultConfigurationName = Release;
		};
		3D767ED52F5D520E00F2D70F /* Build configuration list for PBXNativeTarget "Vayl" */ = {
			isa = XCConfigurationList;
			buildConfigurations = (
				3D767ED62F5D520E00F2D70F /* Debug */,
				3D767ED72F5D520E00F2D70F /* Release */,
			);
			defaultConfigurationIsVisible = 0;
			defaultConfigurationName = Release;
		};
		3D767ED82F5D520E00F2D70F /* Build configuration list for PBXNativeTarget "VaylTests" */ = {
			isa = XCConfigurationList;
			buildConfigurations = (
				3D767ED92F5D520E00F2D70F /* Debug */,
				3D767EDA2F5D520E00F2D70F /* Release */,
			);
			defaultConfigurationIsVisible = 0;
			defaultConfigurationName = Release;
		};
		3D767EDB2F5D520E00F2D70F /* Build configuration list for PBXNativeTarget "VaylUITests" */ = {
			isa = XCConfigurationList;
			buildConfigurations = (
				3D767EDC2F5D520E00F2D70F /* Debug */,
				3D767EDD2F5D520E00F2D70F /* Release */,
			);
			defaultConfigurationIsVisible = 0;
			defaultConfigurationName = Release;
		};
/* End XCConfigurationList section */

/* Begin XCRemoteSwiftPackageReference section */
		3D51D7412F5FB8D7002488A7 /* XCRemoteSwiftPackageReference "supabase-swift" */ = {
			isa = XCRemoteSwiftPackageReference;
			repositoryURL = "https://github.com/supabase/supabase-swift";
			requirement = {
				kind = upToNextMajorVersion;
				minimumVersion = 2.5.1;
			};
		};
/* End XCRemoteSwiftPackageReference section */

/* Begin XCSwiftPackageProductDependency section */
		3D51D7422F5FB8D7002488A7 /* Auth */ = {
			isa = XCSwiftPackageProductDependency;
			package = 3D51D7412F5FB8D7002488A7 /* XCRemoteSwiftPackageReference "supabase-swift" */;
			productName = Auth;
		};
		3D51D7442F5FB8D7002488A7 /* Functions */ = {
			isa = XCSwiftPackageProductDependency;
			package = 3D51D7412F5FB8D7002488A7 /* XCRemoteSwiftPackageReference "supabase-swift" */;
			productName = Functions;
		};
		3D51D7462F5FB8D7002488A7 /* PostgREST */ = {
			isa = XCSwiftPackageProductDependency;
			package = 3D51D7412F5FB8D7002488A7 /* XCRemoteSwiftPackageReference "supabase-swift" */;
			productName = PostgREST;
		};
		3D51D7482F5FB8D7002488A7 /* Realtime */ = {
			isa = XCSwiftPackageProductDependency;
			package = 3D51D7412F5FB8D7002488A7 /* XCRemoteSwiftPackageReference "supabase-swift" */;
			productName = Realtime;
		};
		3D51D74A2F5FB8D7002488A7 /* Storage */ = {
			isa = XCSwiftPackageProductDependency;
			package = 3D51D7412F5FB8D7002488A7 /* XCRemoteSwiftPackageReference "supabase-swift" */;
			productName = Storage;
		};
		3D51D74F2F5FBA71002488A7 /* Supabase */ = {
			isa = XCSwiftPackageProductDependency;
			package = 3D51D7412F5FB8D7002488A7 /* XCRemoteSwiftPackageReference "supabase-swift" */;
			productName = Supabase;
		};
/* End XCSwiftPackageProductDependency section */
	};
	rootObject = 3D767EAA2F5D520D00F2D70F /* Project object */;
}
